
Microsoft Visual Studio Solution File, Format Version 12.00
# Visual Studio Version 16
VisualStudioVersion = 16.0.30413.136
MinimumVisualStudioVersion = 10.0.40219.1
Project("{FAE04EC0-301F-11D3-BF4B-00C04F79EFBC}") = "Task4.Console", "Task4.Console\Task4.Console.csproj", "{0699A1E9-BE12-4C9A-A9AC-717F444EE1F0}"
EndProject
Project("{FAE04EC0-301F-11D3-BF4B-00C04F79EFBC}") = "Task4.BL", "Task4.BL\Task4.BL.csproj", "{714BDBDD-F30A-4226-89BE-5D8B8480D228}"
EndProject
Project("{FAE04EC0-301F-11D3-BF4B-00C04F79EFBC}") = "Task4.DAL", "Task4.DAL\Task4.DAL.csproj", "{F32D2C2B-B32C-422B-A5CC-F715AFA80111}"
EndProject
Project("{FAE04EC0-301F-11D3-BF4B-00C04F79EFBC}") = "Task4.WindowsService", "Task4.WindowsService\Task4.WindowsService.csproj", "{E5244E4D-092D-4375-BECE-5ABD941A79F9}"
EndProject
Global
	GlobalSection(SolutionConfigurationPlatforms) = preSolution
		Debug|Any CPU = Debug|Any CPU
		Release|Any CPU = Release|Any CPU
	EndGlobalSection
	GlobalSection(ProjectConfigurationPlatforms) = postSolution
		{0699A1E9-BE12-4C9A-A9AC-717F444EE1F0}.Debug|Any CPU.ActiveCfg = Debug|Any CPU
		{0699A1E9-BE12-4C9A-A9AC-717F444EE1F0}.Debug|Any CPU.Build.0 = Debug|Any CPU
		{0699A1E9-BE12-4C9A-A9AC-717F444EE1F0}.Release|Any CPU.ActiveCfg = Release|Any CPU
		{0699A1E9-BE12-4C9A-A9AC-717F444EE1F0}.Release|Any CPU.Build.0 = Release|Any CPU
		{714BDBDD-F30A-4226-89BE-5D8B8480D228}.Debug|Any CPU.ActiveCfg = Debug|Any CPU
		{714BDBDD-F30A-4226-89BE-5D8B8480D228}.Debug|Any CPU.Build.0 = Debug|Any CPU
		{714BDBDD-F30A-4226-89BE-5D8B8480D228}.Release|Any CPU.ActiveCfg = Release|Any CPU
		{714BDBDD-F30A-4226-89BE-5D8B8480D228}.Release|Any CPU.Build.0 = Release|Any CPU
		{F32D2C2B-B32C-422B-A5CC-F715AFA80111}.Debug|Any CPU.ActiveCfg = Debug|Any CPU
		{F32D2C2B-B32C-422B-A5CC-F715AFA80111}.Debug|Any CPU.Build.0 = Debug|Any CPU
		{F32D2C2B-B32C-422B-A5CC-F715AFA80111}.Release|Any CPU.ActiveCfg = Release|Any CPU
		{F32D2C2B-B32C-422B-A5CC-F715AFA80111}.Release|Any CPU.Build.0 = Release|Any CPU
		{E5244E4D-092D-4375-BECE-5ABD941A79F9}.Debug|Any CPU.ActiveCfg = Debug|Any CPU
		{E5244E4D-092D-4375-BECE-5ABD941A79F9}.Debug|Any CPU.Build.0 = Debug|Any CPU
		{E5244E4D-092D-4375-BECE-5ABD941A79F9}.Release|Any CPU.ActiveCfg = Release|Any CPU
		{E5244E4D-092D-4375-BECE-5ABD941A79F9}.Release|Any CPU.Build.0 = Release|Any CPU
	EndGlobalSection
	GlobalSection(SolutionProperties) = preSolution
		HideSolutionNode = FALSE
	EndGlobalSection
	GlobalSection(ExtensibilityGlobals) = postSolution
		SolutionGuid = {DE6D56EA-EACB-4339-98DD-9B75F399CAC7}
	EndGlobalSection
EndGlobal
